
Microsoft Visual Studio Solution File, Format Version 12.00
# Visual Studio Version 17
VisualStudioVersion = 17.8.34511.84
MinimumVisualStudioVersion = 10.0.40219.1
Project("{FAE04EC0-301F-11D3-BF4B-00C04F79EFBC}") = "FlappyBird", "FlappyBird.csproj", "{5A01C678-5E56-4F65-97D4-20B283400F2F}"
EndProject
Global
	GlobalSection(SolutionConfigurationPlatforms) = preSolution
		Debug|Any CPU = Debug|Any CPU
		Release|Any CPU = Release|Any CPU
	EndGlobalSection
	GlobalSection(ProjectConfigurationPlatforms) = postSolution
		{5A01C678-5E56-4F65-97D4-20B283400F2F}.Debug|Any CPU.ActiveCfg = Debug|Any CPU
		{5A01C678-5E56-4F65-97D4-20B283400F2F}.Debug|Any CPU.Build.0 = Debug|Any CPU
		{5A01C678-5E56-4F65-97D4-20B283400F2F}.Release|Any CPU.ActiveCfg = Release|Any CPU
		{5A01C678-5E56-4F65-97D4-20B283400F2F}.Release|Any CPU.Build.0 = Release|Any CPU
	EndGlobalSection
	GlobalSection(SolutionProperties) = preSolution
		HideSolutionNode = FALSE
	EndGlobalSection
	GlobalSection(ExtensibilityGlobals) = postSolution
		SolutionGuid = {69590099-F267-4711-BC57-180C879822B1}
	EndGlobalSection
EndGlobal
